
Microsoft Visual Studio Solution File, Format Version 12.00
# Visual Studio Version 17
VisualStudioVersion = 17.0.31912.275
MinimumVisualStudioVersion = 10.0.40219.1
Project("{9A19103F-16F7-4668-BE54-9A1E7A4F7556}") = "Stock", "Stock.csproj", "{F9467EF0-A0C8-4EEF-9FFA-339AF4E88596}"
EndProject
Global
	GlobalSection(SolutionConfigurationPlatforms) = preSolution
		Debug|Any CPU = Debug|Any CPU
		Release|Any CPU = Release|Any CPU
	EndGlobalSection
	GlobalSection(ProjectConfigurationPlatforms) = postSolution
		{F9467EF0-A0C8-4EEF-9FFA-339AF4E88596}.Debug|Any CPU.ActiveCfg = Debug|Any CPU
		{F9467EF0-A0C8-4EEF-9FFA-339AF4E88596}.Debug|Any CPU.Build.0 = Debug|Any CPU
		{F9467EF0-A0C8-4EEF-9FFA-339AF4E88596}.Release|Any CPU.ActiveCfg = Release|Any CPU
		{F9467EF0-A0C8-4EEF-9FFA-339AF4E88596}.Release|Any CPU.Build.0 = Release|Any CPU
	EndGlobalSection
	GlobalSection(SolutionProperties) = preSolution
		HideSolutionNode = FALSE
	EndGlobalSection
	GlobalSection(ExtensibilityGlobals) = postSolution
		SolutionGuid = {23AC5734-AEB7-4A5C-BBC9-19B9E209C82B}
	EndGlobalSection
EndGlobal
